
Microsoft Visual Studio Solution File, Format Version 12.00
# Visual Studio Version 17
VisualStudioVersion = 17.8.34330.188
MinimumVisualStudioVersion = 10.0.40219.1
Project("{2150E333-8FDC-42A3-9474-1A3956D46DE8}") = "src", "src", "{32365A2B-EF75-448A-ABD4-B4A2A8B6253F}"
EndProject
Project("{2150E333-8FDC-42A3-9474-1A3956D46DE8}") = "test", "test", "{FC8B888B-E80F-4557-8C36-933EF0E6839A}"
EndProject
Project("{2150E333-8FDC-42A3-9474-1A3956D46DE8}") = "API", "API", "{E6E26806-69AF-4312-B41B-990263453D62}"
EndProject
Project("{2150E333-8FDC-42A3-9474-1A3956D46DE8}") = "Core", "Core", "{A8864100-E8EC-4A9E-87C4-0590AEA48180}"
EndProject
Project("{2150E333-8FDC-42A3-9474-1A3956D46DE8}") = "Infrastructure", "Infrastructure", "{05BA393D-3895-4F41-A905-12F9FE93C761}"
EndProject
Project("{FAE04EC0-301F-11D3-BF4B-00C04F79EFBC}") = "CCORE.BookCatalog.Api", "CCORE.BookCatalog.Api\CCORE.BookCatalog.Api.csproj", "{6E01D3BA-0EC8-41F2-8CED-15C0194ABEB2}"
EndProject
Project("{FAE04EC0-301F-11D3-BF4B-00C04F79EFBC}") = "CCORE.BookCatalog.Domain", "CCORE.BookCatalog.Domain\CCORE.BookCatalog.Domain.csproj", "{13BC4723-20F0-49D8-AFA9-5BBA134B1F56}"
EndProject
Project("{FAE04EC0-301F-11D3-BF4B-00C04F79EFBC}") = "CCORE.BookCatalog.Application", "CCORE.BookCatalog.Application\CCORE.BookCatalog.Application.csproj", "{1F2C2F39-BE0B-4893-AFCA-347BABFD69E4}"
EndProject
Project("{FAE04EC0-301F-11D3-BF4B-00C04F79EFBC}") = "CCORE.BookCatalog.Persistence", "CCORE.BookCatalog.Persistence\CCORE.BookCatalog.Persistence.csproj", "{22B9FA7E-88CD-4319-9585-B473A739E458}"
EndProject
Project("{FAE04EC0-301F-11D3-BF4B-00C04F79EFBC}") = "CCORE.BookCatalog.Identity", "CCORE.BookCatalog.Identity\CCORE.BookCatalog.Identity.csproj", "{39D82AC0-3F5E-469E-9DE2-2223A755C823}"
EndProject
Project("{FAE04EC0-301F-11D3-BF4B-00C04F79EFBC}") = "CCORE.BookCatalog.Application.UnitTests", "CCORE.BookCatalog.Application.UnitTests\CCORE.BookCatalog.Application.UnitTests.csproj", "{25B6D513-D2AD-4E27-96E3-517E81132D74}"
EndProject
Project("{FAE04EC0-301F-11D3-BF4B-00C04F79EFBC}") = "CCORE.BookCatalog.Persistence.IntegrationTests", "CCORE.BookCatalog.Persistence.IntegrationTests\CCORE.BookCatalog.Persistence.IntegrationTests.csproj", "{1973B397-0E73-413C-9B8F-C4874A1821E6}"
EndProject
Project("{FAE04EC0-301F-11D3-BF4B-00C04F79EFBC}") = "CCORE.BookCatalog.API.IntegrationTests", "CCORE.BookCatalog.API.IntegrationTests\CCORE.BookCatalog.API.IntegrationTests.csproj", "{C15A1635-5689-4FEB-8C10-269377EBD18C}"
EndProject
Global
	GlobalSection(SolutionConfigurationPlatforms) = preSolution
		Debug|Any CPU = Debug|Any CPU
		Release|Any CPU = Release|Any CPU
	EndGlobalSection
	GlobalSection(ProjectConfigurationPlatforms) = postSolution
		{6E01D3BA-0EC8-41F2-8CED-15C0194ABEB2}.Debug|Any CPU.ActiveCfg = Debug|Any CPU
		{6E01D3BA-0EC8-41F2-8CED-15C0194ABEB2}.Debug|Any CPU.Build.0 = Debug|Any CPU
		{6E01D3BA-0EC8-41F2-8CED-15C0194ABEB2}.Release|Any CPU.ActiveCfg = Release|Any CPU
		{6E01D3BA-0EC8-41F2-8CED-15C0194ABEB2}.Release|Any CPU.Build.0 = Release|Any CPU
		{13BC4723-20F0-49D8-AFA9-5BBA134B1F56}.Debug|Any CPU.ActiveCfg = Debug|Any CPU
		{13BC4723-20F0-49D8-AFA9-5BBA134B1F56}.Debug|Any CPU.Build.0 = Debug|Any CPU
		{13BC4723-20F0-49D8-AFA9-5BBA134B1F56}.Release|Any CPU.ActiveCfg = Release|Any CPU
		{13BC4723-20F0-49D8-AFA9-5BBA134B1F56}.Release|Any CPU.Build.0 = Release|Any CPU
		{1F2C2F39-BE0B-4893-AFCA-347BABFD69E4}.Debug|Any CPU.ActiveCfg = Debug|Any CPU
		{1F2C2F39-BE0B-4893-AFCA-347BABFD69E4}.Debug|Any CPU.Build.0 = Debug|Any CPU
		{1F2C2F39-BE0B-4893-AFCA-347BABFD69E4}.Release|Any CPU.ActiveCfg = Release|Any CPU
		{1F2C2F39-BE0B-4893-AFCA-347BABFD69E4}.Release|Any CPU.Build.0 = Release|Any CPU
		{22B9FA7E-88CD-4319-9585-B473A739E458}.Debug|Any CPU.ActiveCfg = Debug|Any CPU
		{22B9FA7E-88CD-4319-9585-B473A739E458}.Debug|Any CPU.Build.0 = Debug|Any CPU
		{22B9FA7E-88CD-4319-9585-B473A739E458}.Release|Any CPU.ActiveCfg = Release|Any CPU
		{22B9FA7E-88CD-4319-9585-B473A739E458}.Release|Any CPU.Build.0 = Release|Any CPU
		{39D82AC0-3F5E-469E-9DE2-2223A755C823}.Debug|Any CPU.ActiveCfg = Debug|Any CPU
		{39D82AC0-3F5E-469E-9DE2-2223A755C823}.Debug|Any CPU.Build.0 = Debug|Any CPU
		{39D82AC0-3F5E-469E-9DE2-2223A755C823}.Release|Any CPU.ActiveCfg = Release|Any CPU
		{39D82AC0-3F5E-469E-9DE2-2223A755C823}.Release|Any CPU.Build.0 = Release|Any CPU
		{25B6D513-D2AD-4E27-96E3-517E81132D74}.Debug|Any CPU.ActiveCfg = Debug|Any CPU
		{25B6D513-D2AD-4E27-96E3-517E81132D74}.Debug|Any CPU.Build.0 = Debug|Any CPU
		{25B6D513-D2AD-4E27-96E3-517E81132D74}.Release|Any CPU.ActiveCfg = Release|Any CPU
		{25B6D513-D2AD-4E27-96E3-517E81132D74}.Release|Any CPU.Build.0 = Release|Any CPU
		{1973B397-0E73-413C-9B8F-C4874A1821E6}.Debug|Any CPU.ActiveCfg = Debug|Any CPU
		{1973B397-0E73-413C-9B8F-C4874A1821E6}.Debug|Any CPU.Build.0 = Debug|Any CPU
		{1973B397-0E73-413C-9B8F-C4874A1821E6}.Release|Any CPU.ActiveCfg = Release|Any CPU
		{1973B397-0E73-413C-9B8F-C4874A1821E6}.Release|Any CPU.Build.0 = Release|Any CPU
		{C15A1635-5689-4FEB-8C10-269377EBD18C}.Debug|Any CPU.ActiveCfg = Debug|Any CPU
		{C15A1635-5689-4FEB-8C10-269377EBD18C}.Debug|Any CPU.Build.0 = Debug|Any CPU
		{C15A1635-5689-4FEB-8C10-269377EBD18C}.Release|Any CPU.ActiveCfg = Release|Any CPU
		{C15A1635-5689-4FEB-8C10-269377EBD18C}.Release|Any CPU.Build.0 = Release|Any CPU
	EndGlobalSection
	GlobalSection(SolutionProperties) = preSolution
		HideSolutionNode = FALSE
	EndGlobalSection
	GlobalSection(NestedProjects) = preSolution
		{E6E26806-69AF-4312-B41B-990263453D62} = {32365A2B-EF75-448A-ABD4-B4A2A8B6253F}
		{A8864100-E8EC-4A9E-87C4-0590AEA48180} = {32365A2B-EF75-448A-ABD4-B4A2A8B6253F}
		{05BA393D-3895-4F41-A905-12F9FE93C761} = {32365A2B-EF75-448A-ABD4-B4A2A8B6253F}
		{6E01D3BA-0EC8-41F2-8CED-15C0194ABEB2} = {E6E26806-69AF-4312-B41B-990263453D62}
		{13BC4723-20F0-49D8-AFA9-5BBA134B1F56} = {A8864100-E8EC-4A9E-87C4-0590AEA48180}
		{1F2C2F39-BE0B-4893-AFCA-347BABFD69E4} = {A8864100-E8EC-4A9E-87C4-0590AEA48180}
		{22B9FA7E-88CD-4319-9585-B473A739E458} = {05BA393D-3895-4F41-A905-12F9FE93C761}
		{39D82AC0-3F5E-469E-9DE2-2223A755C823} = {05BA393D-3895-4F41-A905-12F9FE93C761}
		{25B6D513-D2AD-4E27-96E3-517E81132D74} = {FC8B888B-E80F-4557-8C36-933EF0E6839A}
		{1973B397-0E73-413C-9B8F-C4874A1821E6} = {FC8B888B-E80F-4557-8C36-933EF0E6839A}
		{C15A1635-5689-4FEB-8C10-269377EBD18C} = {FC8B888B-E80F-4557-8C36-933EF0E6839A}
	EndGlobalSection
	GlobalSection(ExtensibilityGlobals) = postSolution
		SolutionGuid = {18A21332-EA7B-4D7A-B066-9DB20F8F19D4}
	EndGlobalSection
EndGlobal
